
Microsoft Visual Studio Solution File, Format Version 12.00
# Visual Studio Version 16
VisualStudioVersion = 16.0.29418.71
MinimumVisualStudioVersion = 10.0.40219.1
Project("{FAE04EC0-301F-11D3-BF4B-00C04F79EFBC}") = "ETAHDesign", "ETAHDesign\ETAHDesign.csproj", "{C9A8143F-7BA3-43F3-86A2-5CC903723F5F}"
EndProject
Global
	GlobalSection(SolutionConfigurationPlatforms) = preSolution
		Debug|Any CPU = Debug|Any CPU
		Release|Any CPU = Release|Any CPU
	EndGlobalSection
	GlobalSection(ProjectConfigurationPlatforms) = postSolution
		{C9A8143F-7BA3-43F3-86A2-5CC903723F5F}.Debug|Any CPU.ActiveCfg = Debug|Any CPU
		{C9A8143F-7BA3-43F3-86A2-5CC903723F5F}.Debug|Any CPU.Build.0 = Debug|Any CPU
		{C9A8143F-7BA3-43F3-86A2-5CC903723F5F}.Release|Any CPU.ActiveCfg = Release|Any CPU
		{C9A8143F-7BA3-43F3-86A2-5CC903723F5F}.Release|Any CPU.Build.0 = Release|Any CPU
	EndGlobalSection
	GlobalSection(SolutionProperties) = preSolution
		HideSolutionNode = FALSE
	EndGlobalSection
	GlobalSection(ExtensibilityGlobals) = postSolution
		SolutionGuid = {BB83A587-A2F0-4773-A9EF-20F358996441}
	EndGlobalSection
EndGlobal
